
Microsoft Visual Studio Solution File, Format Version 12.00
# Visual Studio 2013
VisualStudioVersion = 12.0.40629.0
MinimumVisualStudioVersion = 10.0.40219.1
Project("{FAE04EC0-301F-11D3-BF4B-00C04F79EFBC}") = "GolfTracker.WebApi", "GolfTracker.WebApi\GolfTracker.WebApi.csproj", "{C84D3C33-E076-4CD0-8160-4C55910D3918}"
EndProject
Project("{FAE04EC0-301F-11D3-BF4B-00C04F79EFBC}") = "GolfTracker.Angular", "GolfTracker.Angular\GolfTracker.Angular.csproj", "{CCB98104-9CC8-4C6F-8A67-321A34CE4865}"
EndProject
Project("{FAE04EC0-301F-11D3-BF4B-00C04F79EFBC}") = "GolfTracker.Angular2", "GolfTracker.Angular2\GolfTracker.Angular2.csproj", "{6CC0B277-4891-42C5-8FC7-700DEB1BDE62}"
EndProject
Project("{FAE04EC0-301F-11D3-BF4B-00C04F79EFBC}") = "GolfTracker.MongoDBApi", "GolfTracker.MongoDBApi\GolfTracker.MongoDBApi.csproj", "{0968A98C-FA3E-4792-9185-81BB2CCFAA39}"
EndProject
Global
	GlobalSection(SolutionConfigurationPlatforms) = preSolution
		Debug|Any CPU = Debug|Any CPU
		Release|Any CPU = Release|Any CPU
	EndGlobalSection
	GlobalSection(ProjectConfigurationPlatforms) = postSolution
		{C84D3C33-E076-4CD0-8160-4C55910D3918}.Debug|Any CPU.ActiveCfg = Debug|Any CPU
		{C84D3C33-E076-4CD0-8160-4C55910D3918}.Debug|Any CPU.Build.0 = Debug|Any CPU
		{C84D3C33-E076-4CD0-8160-4C55910D3918}.Release|Any CPU.ActiveCfg = Release|Any CPU
		{C84D3C33-E076-4CD0-8160-4C55910D3918}.Release|Any CPU.Build.0 = Release|Any CPU
		{CCB98104-9CC8-4C6F-8A67-321A34CE4865}.Debug|Any CPU.ActiveCfg = Debug|Any CPU
		{CCB98104-9CC8-4C6F-8A67-321A34CE4865}.Debug|Any CPU.Build.0 = Debug|Any CPU
		{CCB98104-9CC8-4C6F-8A67-321A34CE4865}.Release|Any CPU.ActiveCfg = Release|Any CPU
		{CCB98104-9CC8-4C6F-8A67-321A34CE4865}.Release|Any CPU.Build.0 = Release|Any CPU
		{6CC0B277-4891-42C5-8FC7-700DEB1BDE62}.Debug|Any CPU.ActiveCfg = Debug|Any CPU
		{6CC0B277-4891-42C5-8FC7-700DEB1BDE62}.Debug|Any CPU.Build.0 = Debug|Any CPU
		{6CC0B277-4891-42C5-8FC7-700DEB1BDE62}.Release|Any CPU.ActiveCfg = Release|Any CPU
		{6CC0B277-4891-42C5-8FC7-700DEB1BDE62}.Release|Any CPU.Build.0 = Release|Any CPU
		{0968A98C-FA3E-4792-9185-81BB2CCFAA39}.Debug|Any CPU.ActiveCfg = Debug|Any CPU
		{0968A98C-FA3E-4792-9185-81BB2CCFAA39}.Debug|Any CPU.Build.0 = Debug|Any CPU
		{0968A98C-FA3E-4792-9185-81BB2CCFAA39}.Release|Any CPU.ActiveCfg = Release|Any CPU
		{0968A98C-FA3E-4792-9185-81BB2CCFAA39}.Release|Any CPU.Build.0 = Release|Any CPU
	EndGlobalSection
	GlobalSection(SolutionProperties) = preSolution
		HideSolutionNode = FALSE
	EndGlobalSection
EndGlobal
